
Microsoft Visual Studio Solution File, Format Version 12.00
# Visual Studio Version 17
VisualStudioVersion = 17.7.34031.279
MinimumVisualStudioVersion = 10.0.40219.1
Project("{FAE04EC0-301F-11D3-BF4B-00C04F79EFBC}") = "WebAppSQLConnection", "WebAppSQLConnection\WebAppSQLConnection.csproj", "{76CF8D39-68BE-4649-B24C-9B6E0D1D1E9C}"
EndProject
Global
	GlobalSection(SolutionConfigurationPlatforms) = preSolution
		Debug|Any CPU = Debug|Any CPU
		Release|Any CPU = Release|Any CPU
	EndGlobalSection
	GlobalSection(ProjectConfigurationPlatforms) = postSolution
		{76CF8D39-68BE-4649-B24C-9B6E0D1D1E9C}.Debug|Any CPU.ActiveCfg = Debug|Any CPU
		{76CF8D39-68BE-4649-B24C-9B6E0D1D1E9C}.Debug|Any CPU.Build.0 = Debug|Any CPU
		{76CF8D39-68BE-4649-B24C-9B6E0D1D1E9C}.Release|Any CPU.ActiveCfg = Release|Any CPU
		{76CF8D39-68BE-4649-B24C-9B6E0D1D1E9C}.Release|Any CPU.Build.0 = Release|Any CPU
	EndGlobalSection
	GlobalSection(SolutionProperties) = preSolution
		HideSolutionNode = FALSE
	EndGlobalSection
	GlobalSection(ExtensibilityGlobals) = postSolution
		SolutionGuid = {B7402BE0-C475-448E-95C8-EEA25AEB1E13}
	EndGlobalSection
EndGlobal
